
Microsoft Visual Studio Solution File, Format Version 12.00
# Visual Studio Version 17
VisualStudioVersion = 17.8.34525.116
MinimumVisualStudioVersion = 10.0.40219.1
Project("{FAE04EC0-301F-11D3-BF4B-00C04F79EFBC}") = "Polymorphism", "Polymorphism\Polymorphism.csproj", "{EC5E22A9-12E4-4965-BD8D-BF421E6B3705}"
EndProject
Global
	GlobalSection(SolutionConfigurationPlatforms) = preSolution
		Debug|Any CPU = Debug|Any CPU
		Release|Any CPU = Release|Any CPU
	EndGlobalSection
	GlobalSection(ProjectConfigurationPlatforms) = postSolution
		{EC5E22A9-12E4-4965-BD8D-BF421E6B3705}.Debug|Any CPU.ActiveCfg = Debug|Any CPU
		{EC5E22A9-12E4-4965-BD8D-BF421E6B3705}.Debug|Any CPU.Build.0 = Debug|Any CPU
		{EC5E22A9-12E4-4965-BD8D-BF421E6B3705}.Release|Any CPU.ActiveCfg = Release|Any CPU
		{EC5E22A9-12E4-4965-BD8D-BF421E6B3705}.Release|Any CPU.Build.0 = Release|Any CPU
	EndGlobalSection
	GlobalSection(SolutionProperties) = preSolution
		HideSolutionNode = FALSE
	EndGlobalSection
	GlobalSection(ExtensibilityGlobals) = postSolution
		SolutionGuid = {B6D080F5-0558-4735-B5C3-3D60308041BA}
	EndGlobalSection
EndGlobal
